
Microsoft Visual Studio Solution File, Format Version 12.00
# Visual Studio Version 16
VisualStudioVersion = 16.0.29306.81
MinimumVisualStudioVersion = 10.0.40219.1
Project("{FAE04EC0-301F-11D3-BF4B-00C04F79EFBC}") = "Project4.5", "Project4.5\Project4.5.csproj", "{F478A1DD-F7E4-4F7B-BC58-8D61A99BD031}"
EndProject
Global
	GlobalSection(SolutionConfigurationPlatforms) = preSolution
		Debug|Any CPU = Debug|Any CPU
		Release|Any CPU = Release|Any CPU
	EndGlobalSection
	GlobalSection(ProjectConfigurationPlatforms) = postSolution
		{F478A1DD-F7E4-4F7B-BC58-8D61A99BD031}.Debug|Any CPU.ActiveCfg = Debug|Any CPU
		{F478A1DD-F7E4-4F7B-BC58-8D61A99BD031}.Debug|Any CPU.Build.0 = Debug|Any CPU
		{F478A1DD-F7E4-4F7B-BC58-8D61A99BD031}.Release|Any CPU.ActiveCfg = Release|Any CPU
		{F478A1DD-F7E4-4F7B-BC58-8D61A99BD031}.Release|Any CPU.Build.0 = Release|Any CPU
	EndGlobalSection
	GlobalSection(SolutionProperties) = preSolution
		HideSolutionNode = FALSE
	EndGlobalSection
	GlobalSection(ExtensibilityGlobals) = postSolution
		SolutionGuid = {FA33B78E-9EE4-4C4B-962B-B355D6BF3542}
	EndGlobalSection
EndGlobal
