
Microsoft Visual Studio Solution File, Format Version 12.00
# Visual Studio Version 16
VisualStudioVersion = 16.0.29306.81
MinimumVisualStudioVersion = 10.0.40219.1
Project("{FAE04EC0-301F-11D3-BF4B-00C04F79EFBC}") = "Project4.8", "Project4.8\Project4.8.csproj", "{C7A3B7B3-7175-470B-B668-48E7EE01C97C}"
EndProject
Global
	GlobalSection(SolutionConfigurationPlatforms) = preSolution
		Debug|Any CPU = Debug|Any CPU
		Release|Any CPU = Release|Any CPU
	EndGlobalSection
	GlobalSection(ProjectConfigurationPlatforms) = postSolution
		{C7A3B7B3-7175-470B-B668-48E7EE01C97C}.Debug|Any CPU.ActiveCfg = Debug|Any CPU
		{C7A3B7B3-7175-470B-B668-48E7EE01C97C}.Debug|Any CPU.Build.0 = Debug|Any CPU
		{C7A3B7B3-7175-470B-B668-48E7EE01C97C}.Release|Any CPU.ActiveCfg = Release|Any CPU
		{C7A3B7B3-7175-470B-B668-48E7EE01C97C}.Release|Any CPU.Build.0 = Release|Any CPU
	EndGlobalSection
	GlobalSection(SolutionProperties) = preSolution
		HideSolutionNode = FALSE
	EndGlobalSection
	GlobalSection(ExtensibilityGlobals) = postSolution
		SolutionGuid = {0CF5E931-7213-4B75-908B-CB8F900BDDA9}
	EndGlobalSection
EndGlobal
