
Microsoft Visual Studio Solution File, Format Version 12.00
# Visual Studio Version 16
VisualStudioVersion = 16.0.29306.81
MinimumVisualStudioVersion = 10.0.40219.1
Project("{FAE04EC0-301F-11D3-BF4B-00C04F79EFBC}") = "Task-01", "Task-01\Task-01.csproj", "{65144AB5-49B8-44FB-BEBC-392B0B08092C}"
EndProject
Project("{FAE04EC0-301F-11D3-BF4B-00C04F79EFBC}") = "Task-02", "Task-02\Task-02.csproj", "{4EF1BED9-3B18-46D1-8BAB-229724DEDBB8}"
EndProject
Project("{FAE04EC0-301F-11D3-BF4B-00C04F79EFBC}") = "Task-03", "Task-03\Task-03.csproj", "{2357F3C7-4ACD-45A2-90E5-A2E06DA15B5D}"
EndProject
Global
	GlobalSection(SolutionConfigurationPlatforms) = preSolution
		Debug|Any CPU = Debug|Any CPU
		Release|Any CPU = Release|Any CPU
	EndGlobalSection
	GlobalSection(ProjectConfigurationPlatforms) = postSolution
		{65144AB5-49B8-44FB-BEBC-392B0B08092C}.Debug|Any CPU.ActiveCfg = Debug|Any CPU
		{65144AB5-49B8-44FB-BEBC-392B0B08092C}.Debug|Any CPU.Build.0 = Debug|Any CPU
		{65144AB5-49B8-44FB-BEBC-392B0B08092C}.Release|Any CPU.ActiveCfg = Release|Any CPU
		{65144AB5-49B8-44FB-BEBC-392B0B08092C}.Release|Any CPU.Build.0 = Release|Any CPU
		{4EF1BED9-3B18-46D1-8BAB-229724DEDBB8}.Debug|Any CPU.ActiveCfg = Debug|Any CPU
		{4EF1BED9-3B18-46D1-8BAB-229724DEDBB8}.Debug|Any CPU.Build.0 = Debug|Any CPU
		{4EF1BED9-3B18-46D1-8BAB-229724DEDBB8}.Release|Any CPU.ActiveCfg = Release|Any CPU
		{4EF1BED9-3B18-46D1-8BAB-229724DEDBB8}.Release|Any CPU.Build.0 = Release|Any CPU
		{2357F3C7-4ACD-45A2-90E5-A2E06DA15B5D}.Debug|Any CPU.ActiveCfg = Debug|Any CPU
		{2357F3C7-4ACD-45A2-90E5-A2E06DA15B5D}.Debug|Any CPU.Build.0 = Debug|Any CPU
		{2357F3C7-4ACD-45A2-90E5-A2E06DA15B5D}.Release|Any CPU.ActiveCfg = Release|Any CPU
		{2357F3C7-4ACD-45A2-90E5-A2E06DA15B5D}.Release|Any CPU.Build.0 = Release|Any CPU
	EndGlobalSection
	GlobalSection(SolutionProperties) = preSolution
		HideSolutionNode = FALSE
	EndGlobalSection
	GlobalSection(ExtensibilityGlobals) = postSolution
		SolutionGuid = {B6963174-690E-4CD8-8A42-672B1C9080E5}
	EndGlobalSection
EndGlobal
