
Microsoft Visual Studio Solution File, Format Version 12.00
# Visual Studio Version 16
VisualStudioVersion = 16.0.29306.81
MinimumVisualStudioVersion = 10.0.40219.1
Project("{FAE04EC0-301F-11D3-BF4B-00C04F79EFBC}") = "Task-1", "Task-1\Task-1.csproj", "{BCFAD82E-8CE4-40C2-B3FF-57548113ADC6}"
EndProject
Project("{FAE04EC0-301F-11D3-BF4B-00C04F79EFBC}") = "Task-2", "Task-2\Task-2.csproj", "{BB6B1558-B3BC-47A8-BA9C-B38F5BE5BF52}"
EndProject
Project("{FAE04EC0-301F-11D3-BF4B-00C04F79EFBC}") = "Task-3", "Task-3\Task-3.csproj", "{45D5AE5E-D6A8-4767-B28D-E1DBB83D9790}"
EndProject
Project("{FAE04EC0-301F-11D3-BF4B-00C04F79EFBC}") = "Task-4", "Task-4\Task-4.csproj", "{448697A8-6928-43CD-8B3C-656E1FE78701}"
EndProject
Project("{FAE04EC0-301F-11D3-BF4B-00C04F79EFBC}") = "Task-5", "Task-5\Task-5.csproj", "{134ECFAC-CBC7-44B5-BF6E-0663DFD00384}"
EndProject
Project("{FAE04EC0-301F-11D3-BF4B-00C04F79EFBC}") = "Task-6", "Task-6\Task-6.csproj", "{77305691-F633-4698-8FD7-4AFFF8AE4D73}"
EndProject
Project("{FAE04EC0-301F-11D3-BF4B-00C04F79EFBC}") = "Task-8", "Task-8\Task-8.csproj", "{B1301342-EB04-4EF9-B026-30768C8A90F3}"
EndProject
Project("{FAE04EC0-301F-11D3-BF4B-00C04F79EFBC}") = "Task-9", "Task-9\Task-9.csproj", "{E713D677-0901-4E21-A904-D94D76A23243}"
EndProject
Project("{FAE04EC0-301F-11D3-BF4B-00C04F79EFBC}") = "Task-7", "Task-7\Task-7.csproj", "{B8F0D75E-A801-4720-BC49-B6F6965AB5CB}"
EndProject
Project("{FAE04EC0-301F-11D3-BF4B-00C04F79EFBC}") = "Task-10", "Task-10\Task-10.csproj", "{E96688C3-2802-494E-B0F3-42563EC12F1D}"
EndProject
Project("{FAE04EC0-301F-11D3-BF4B-00C04F79EFBC}") = "Task-11", "Task-11\Task-11.csproj", "{3BB4ED8E-BE2E-4C5E-82AF-7B4A6B82DF97}"
EndProject
Project("{FAE04EC0-301F-11D3-BF4B-00C04F79EFBC}") = "Task-12", "Task-12\Task-12.csproj", "{3C68BD75-E699-456A-A071-8E8A83D3B7F6}"
EndProject
Project("{FAE04EC0-301F-11D3-BF4B-00C04F79EFBC}") = "Task-13", "Task-13\Task-13.csproj", "{660A3C6D-7FAB-4EF1-9299-0D90EA4807DD}"
EndProject
Project("{FAE04EC0-301F-11D3-BF4B-00C04F79EFBC}") = "Task-14", "Task-14\Task-14.csproj", "{02C08599-F7E6-4811-B446-1C9D23CDABA3}"
EndProject
Project("{FAE04EC0-301F-11D3-BF4B-00C04F79EFBC}") = "Task-15", "Task-15\Task-15.csproj", "{50E07463-1D04-4705-B78A-AF003C03583D}"
EndProject
Global
	GlobalSection(SolutionConfigurationPlatforms) = preSolution
		Debug|Any CPU = Debug|Any CPU
		Release|Any CPU = Release|Any CPU
	EndGlobalSection
	GlobalSection(ProjectConfigurationPlatforms) = postSolution
		{BCFAD82E-8CE4-40C2-B3FF-57548113ADC6}.Debug|Any CPU.ActiveCfg = Debug|Any CPU
		{BCFAD82E-8CE4-40C2-B3FF-57548113ADC6}.Debug|Any CPU.Build.0 = Debug|Any CPU
		{BCFAD82E-8CE4-40C2-B3FF-57548113ADC6}.Release|Any CPU.ActiveCfg = Release|Any CPU
		{BCFAD82E-8CE4-40C2-B3FF-57548113ADC6}.Release|Any CPU.Build.0 = Release|Any CPU
		{BB6B1558-B3BC-47A8-BA9C-B38F5BE5BF52}.Debug|Any CPU.ActiveCfg = Debug|Any CPU
		{BB6B1558-B3BC-47A8-BA9C-B38F5BE5BF52}.Debug|Any CPU.Build.0 = Debug|Any CPU
		{BB6B1558-B3BC-47A8-BA9C-B38F5BE5BF52}.Release|Any CPU.ActiveCfg = Release|Any CPU
		{BB6B1558-B3BC-47A8-BA9C-B38F5BE5BF52}.Release|Any CPU.Build.0 = Release|Any CPU
		{45D5AE5E-D6A8-4767-B28D-E1DBB83D9790}.Debug|Any CPU.ActiveCfg = Debug|Any CPU
		{45D5AE5E-D6A8-4767-B28D-E1DBB83D9790}.Debug|Any CPU.Build.0 = Debug|Any CPU
		{45D5AE5E-D6A8-4767-B28D-E1DBB83D9790}.Release|Any CPU.ActiveCfg = Release|Any CPU
		{45D5AE5E-D6A8-4767-B28D-E1DBB83D9790}.Release|Any CPU.Build.0 = Release|Any CPU
		{448697A8-6928-43CD-8B3C-656E1FE78701}.Debug|Any CPU.ActiveCfg = Debug|Any CPU
		{448697A8-6928-43CD-8B3C-656E1FE78701}.Debug|Any CPU.Build.0 = Debug|Any CPU
		{448697A8-6928-43CD-8B3C-656E1FE78701}.Release|Any CPU.ActiveCfg = Release|Any CPU
		{448697A8-6928-43CD-8B3C-656E1FE78701}.Release|Any CPU.Build.0 = Release|Any CPU
		{134ECFAC-CBC7-44B5-BF6E-0663DFD00384}.Debug|Any CPU.ActiveCfg = Debug|Any CPU
		{134ECFAC-CBC7-44B5-BF6E-0663DFD00384}.Debug|Any CPU.Build.0 = Debug|Any CPU
		{134ECFAC-CBC7-44B5-BF6E-0663DFD00384}.Release|Any CPU.ActiveCfg = Release|Any CPU
		{134ECFAC-CBC7-44B5-BF6E-0663DFD00384}.Release|Any CPU.Build.0 = Release|Any CPU
		{77305691-F633-4698-8FD7-4AFFF8AE4D73}.Debug|Any CPU.ActiveCfg = Debug|Any CPU
		{77305691-F633-4698-8FD7-4AFFF8AE4D73}.Debug|Any CPU.Build.0 = Debug|Any CPU
		{77305691-F633-4698-8FD7-4AFFF8AE4D73}.Release|Any CPU.ActiveCfg = Release|Any CPU
		{77305691-F633-4698-8FD7-4AFFF8AE4D73}.Release|Any CPU.Build.0 = Release|Any CPU
		{B1301342-EB04-4EF9-B026-30768C8A90F3}.Debug|Any CPU.ActiveCfg = Debug|Any CPU
		{B1301342-EB04-4EF9-B026-30768C8A90F3}.Debug|Any CPU.Build.0 = Debug|Any CPU
		{B1301342-EB04-4EF9-B026-30768C8A90F3}.Release|Any CPU.ActiveCfg = Release|Any CPU
		{B1301342-EB04-4EF9-B026-30768C8A90F3}.Release|Any CPU.Build.0 = Release|Any CPU
		{E713D677-0901-4E21-A904-D94D76A23243}.Debug|Any CPU.ActiveCfg = Debug|Any CPU
		{E713D677-0901-4E21-A904-D94D76A23243}.Debug|Any CPU.Build.0 = Debug|Any CPU
		{E713D677-0901-4E21-A904-D94D76A23243}.Release|Any CPU.ActiveCfg = Release|Any CPU
		{E713D677-0901-4E21-A904-D94D76A23243}.Release|Any CPU.Build.0 = Release|Any CPU
		{B8F0D75E-A801-4720-BC49-B6F6965AB5CB}.Debug|Any CPU.ActiveCfg = Debug|Any CPU
		{B8F0D75E-A801-4720-BC49-B6F6965AB5CB}.Debug|Any CPU.Build.0 = Debug|Any CPU
		{B8F0D75E-A801-4720-BC49-B6F6965AB5CB}.Release|Any CPU.ActiveCfg = Release|Any CPU
		{B8F0D75E-A801-4720-BC49-B6F6965AB5CB}.Release|Any CPU.Build.0 = Release|Any CPU
		{E96688C3-2802-494E-B0F3-42563EC12F1D}.Debug|Any CPU.ActiveCfg = Debug|Any CPU
		{E96688C3-2802-494E-B0F3-42563EC12F1D}.Debug|Any CPU.Build.0 = Debug|Any CPU
		{E96688C3-2802-494E-B0F3-42563EC12F1D}.Release|Any CPU.ActiveCfg = Release|Any CPU
		{E96688C3-2802-494E-B0F3-42563EC12F1D}.Release|Any CPU.Build.0 = Release|Any CPU
		{3BB4ED8E-BE2E-4C5E-82AF-7B4A6B82DF97}.Debug|Any CPU.ActiveCfg = Debug|Any CPU
		{3BB4ED8E-BE2E-4C5E-82AF-7B4A6B82DF97}.Debug|Any CPU.Build.0 = Debug|Any CPU
		{3BB4ED8E-BE2E-4C5E-82AF-7B4A6B82DF97}.Release|Any CPU.ActiveCfg = Release|Any CPU
		{3BB4ED8E-BE2E-4C5E-82AF-7B4A6B82DF97}.Release|Any CPU.Build.0 = Release|Any CPU
		{3C68BD75-E699-456A-A071-8E8A83D3B7F6}.Debug|Any CPU.ActiveCfg = Debug|Any CPU
		{3C68BD75-E699-456A-A071-8E8A83D3B7F6}.Debug|Any CPU.Build.0 = Debug|Any CPU
		{3C68BD75-E699-456A-A071-8E8A83D3B7F6}.Release|Any CPU.ActiveCfg = Release|Any CPU
		{3C68BD75-E699-456A-A071-8E8A83D3B7F6}.Release|Any CPU.Build.0 = Release|Any CPU
		{660A3C6D-7FAB-4EF1-9299-0D90EA4807DD}.Debug|Any CPU.ActiveCfg = Debug|Any CPU
		{660A3C6D-7FAB-4EF1-9299-0D90EA4807DD}.Debug|Any CPU.Build.0 = Debug|Any CPU
		{660A3C6D-7FAB-4EF1-9299-0D90EA4807DD}.Release|Any CPU.ActiveCfg = Release|Any CPU
		{660A3C6D-7FAB-4EF1-9299-0D90EA4807DD}.Release|Any CPU.Build.0 = Release|Any CPU
		{02C08599-F7E6-4811-B446-1C9D23CDABA3}.Debug|Any CPU.ActiveCfg = Debug|Any CPU
		{02C08599-F7E6-4811-B446-1C9D23CDABA3}.Debug|Any CPU.Build.0 = Debug|Any CPU
		{02C08599-F7E6-4811-B446-1C9D23CDABA3}.Release|Any CPU.ActiveCfg = Release|Any CPU
		{02C08599-F7E6-4811-B446-1C9D23CDABA3}.Release|Any CPU.Build.0 = Release|Any CPU
		{50E07463-1D04-4705-B78A-AF003C03583D}.Debug|Any CPU.ActiveCfg = Debug|Any CPU
		{50E07463-1D04-4705-B78A-AF003C03583D}.Debug|Any CPU.Build.0 = Debug|Any CPU
		{50E07463-1D04-4705-B78A-AF003C03583D}.Release|Any CPU.ActiveCfg = Release|Any CPU
		{50E07463-1D04-4705-B78A-AF003C03583D}.Release|Any CPU.Build.0 = Release|Any CPU
	EndGlobalSection
	GlobalSection(SolutionProperties) = preSolution
		HideSolutionNode = FALSE
	EndGlobalSection
	GlobalSection(ExtensibilityGlobals) = postSolution
		SolutionGuid = {50CAD965-333C-4B17-98BE-4ED79541C6AF}
	EndGlobalSection
EndGlobal
