
Microsoft Visual Studio Solution File, Format Version 12.00
# Visual Studio Version 16
VisualStudioVersion = 16.0.29306.81
MinimumVisualStudioVersion = 10.0.40219.1
Project("{FAE04EC0-301F-11D3-BF4B-00C04F79EFBC}") = "Project2.5", "Project2.5\Project2.5.csproj", "{64D4E3FA-E721-4F49-815A-CADA61D42CEF}"
EndProject
Global
	GlobalSection(SolutionConfigurationPlatforms) = preSolution
		Debug|Any CPU = Debug|Any CPU
		Release|Any CPU = Release|Any CPU
	EndGlobalSection
	GlobalSection(ProjectConfigurationPlatforms) = postSolution
		{64D4E3FA-E721-4F49-815A-CADA61D42CEF}.Debug|Any CPU.ActiveCfg = Debug|Any CPU
		{64D4E3FA-E721-4F49-815A-CADA61D42CEF}.Debug|Any CPU.Build.0 = Debug|Any CPU
		{64D4E3FA-E721-4F49-815A-CADA61D42CEF}.Release|Any CPU.ActiveCfg = Release|Any CPU
		{64D4E3FA-E721-4F49-815A-CADA61D42CEF}.Release|Any CPU.Build.0 = Release|Any CPU
	EndGlobalSection
	GlobalSection(SolutionProperties) = preSolution
		HideSolutionNode = FALSE
	EndGlobalSection
	GlobalSection(ExtensibilityGlobals) = postSolution
		SolutionGuid = {8B0AB2ED-7C6E-4A55-AD2A-6465F41FA66D}
	EndGlobalSection
EndGlobal
