
Microsoft Visual Studio Solution File, Format Version 12.00
# Visual Studio Version 16
VisualStudioVersion = 16.0.29306.81
MinimumVisualStudioVersion = 10.0.40219.1
Project("{FAE04EC0-301F-11D3-BF4B-00C04F79EFBC}") = "Project2.8", "Project2.8\Project2.8.csproj", "{872FB7DF-3559-47D9-8728-442010AE36A0}"
EndProject
Global
	GlobalSection(SolutionConfigurationPlatforms) = preSolution
		Debug|Any CPU = Debug|Any CPU
		Release|Any CPU = Release|Any CPU
	EndGlobalSection
	GlobalSection(ProjectConfigurationPlatforms) = postSolution
		{872FB7DF-3559-47D9-8728-442010AE36A0}.Debug|Any CPU.ActiveCfg = Debug|Any CPU
		{872FB7DF-3559-47D9-8728-442010AE36A0}.Debug|Any CPU.Build.0 = Debug|Any CPU
		{872FB7DF-3559-47D9-8728-442010AE36A0}.Release|Any CPU.ActiveCfg = Release|Any CPU
		{872FB7DF-3559-47D9-8728-442010AE36A0}.Release|Any CPU.Build.0 = Release|Any CPU
	EndGlobalSection
	GlobalSection(SolutionProperties) = preSolution
		HideSolutionNode = FALSE
	EndGlobalSection
	GlobalSection(ExtensibilityGlobals) = postSolution
		SolutionGuid = {87982944-4E2F-4EE1-A759-D6E27B07ADC2}
	EndGlobalSection
EndGlobal
