
Microsoft Visual Studio Solution File, Format Version 12.00
# Visual Studio Version 16
VisualStudioVersion = 16.0.29306.81
MinimumVisualStudioVersion = 10.0.40219.1
Project("{FAE04EC0-301F-11D3-BF4B-00C04F79EFBC}") = "Task-01", "Task-01\Task-01.csproj", "{43AB6A9D-9158-40A5-BA3B-701DC0F242B2}"
EndProject
Project("{FAE04EC0-301F-11D3-BF4B-00C04F79EFBC}") = "Task-02", "Task-02\Task-02.csproj", "{19CC4843-C68A-408F-A967-DBD160A3CF45}"
EndProject
Project("{FAE04EC0-301F-11D3-BF4B-00C04F79EFBC}") = "Task-03", "Task-03\Task-03.csproj", "{D2BFDE48-9B4D-4B8F-ACB9-0C7DE39BA293}"
EndProject
Project("{FAE04EC0-301F-11D3-BF4B-00C04F79EFBC}") = "Task-04", "Task-04\Task-04.csproj", "{00DBBABA-9627-442E-9863-64426839A174}"
EndProject
Global
	GlobalSection(SolutionConfigurationPlatforms) = preSolution
		Debug|Any CPU = Debug|Any CPU
		Release|Any CPU = Release|Any CPU
	EndGlobalSection
	GlobalSection(ProjectConfigurationPlatforms) = postSolution
		{43AB6A9D-9158-40A5-BA3B-701DC0F242B2}.Debug|Any CPU.ActiveCfg = Debug|Any CPU
		{43AB6A9D-9158-40A5-BA3B-701DC0F242B2}.Debug|Any CPU.Build.0 = Debug|Any CPU
		{43AB6A9D-9158-40A5-BA3B-701DC0F242B2}.Release|Any CPU.ActiveCfg = Release|Any CPU
		{43AB6A9D-9158-40A5-BA3B-701DC0F242B2}.Release|Any CPU.Build.0 = Release|Any CPU
		{19CC4843-C68A-408F-A967-DBD160A3CF45}.Debug|Any CPU.ActiveCfg = Debug|Any CPU
		{19CC4843-C68A-408F-A967-DBD160A3CF45}.Debug|Any CPU.Build.0 = Debug|Any CPU
		{19CC4843-C68A-408F-A967-DBD160A3CF45}.Release|Any CPU.ActiveCfg = Release|Any CPU
		{19CC4843-C68A-408F-A967-DBD160A3CF45}.Release|Any CPU.Build.0 = Release|Any CPU
		{D2BFDE48-9B4D-4B8F-ACB9-0C7DE39BA293}.Debug|Any CPU.ActiveCfg = Debug|Any CPU
		{D2BFDE48-9B4D-4B8F-ACB9-0C7DE39BA293}.Debug|Any CPU.Build.0 = Debug|Any CPU
		{D2BFDE48-9B4D-4B8F-ACB9-0C7DE39BA293}.Release|Any CPU.ActiveCfg = Release|Any CPU
		{D2BFDE48-9B4D-4B8F-ACB9-0C7DE39BA293}.Release|Any CPU.Build.0 = Release|Any CPU
		{00DBBABA-9627-442E-9863-64426839A174}.Debug|Any CPU.ActiveCfg = Debug|Any CPU
		{00DBBABA-9627-442E-9863-64426839A174}.Debug|Any CPU.Build.0 = Debug|Any CPU
		{00DBBABA-9627-442E-9863-64426839A174}.Release|Any CPU.ActiveCfg = Release|Any CPU
		{00DBBABA-9627-442E-9863-64426839A174}.Release|Any CPU.Build.0 = Release|Any CPU
	EndGlobalSection
	GlobalSection(SolutionProperties) = preSolution
		HideSolutionNode = FALSE
	EndGlobalSection
	GlobalSection(ExtensibilityGlobals) = postSolution
		SolutionGuid = {59A031AB-C7C1-4211-9DF8-4C842480E1CD}
	EndGlobalSection
EndGlobal
